
Microsoft Visual Studio Solution File, Format Version 12.00
# Visual Studio Version 17
VisualStudioVersion = 17.0.31903.59
MinimumVisualStudioVersion = 10.0.40219.1
Project("{2150E333-8FDC-42A3-9474-1A3956D46DE8}") = "src", "src", "{DD5B0F36-E012-48CD-8FE6-1F18416B84A8}"
EndProject
Project("{2150E333-8FDC-42A3-9474-1A3956D46DE8}") = "solution-item", "solution-item", "{D8D22849-2614-4A4F-9054-7B965685248C}"
	ProjectSection(SolutionItems) = preProject
		Directory.Build.props = Directory.Build.props
		.github\workflows\dotnet.yml = .github\workflows\dotnet.yml
		global.json = global.json
		README.md = README.md
		Directory.Packages.props = Directory.Packages.props
	EndProjectSection
EndProject
Project("{2150E333-8FDC-42A3-9474-1A3956D46DE8}") = "Sample", "Sample", "{E22EDA3D-A068-4A67-B07C-C31344FBEE99}"
EndProject
Project("{9A19103F-16F7-4668-BE54-9A1E7A4F7556}") = "Sample", "Sample\Sample\Sample.csproj", "{E01A3622-06B5-4A2B-BF34-5A0E35D13085}"
EndProject
Project("{9A19103F-16F7-4668-BE54-9A1E7A4F7556}") = "Provider", "src\Provider\Provider.csproj", "{8A85155B-E5AB-4423-BC56-4FD6D419EE65}"
EndProject
Project("{2150E333-8FDC-42A3-9474-1A3956D46DE8}") = "Manager", "Manager", "{4CEFBB38-3328-44DA-B406-0B5C99B21F2B}"
EndProject
Project("{2150E333-8FDC-42A3-9474-1A3956D46DE8}") = "tests", "tests", "{FDAE3CFF-D528-489F-979D-C49C10B19A84}"
EndProject
Project("{9A19103F-16F7-4668-BE54-9A1E7A4F7556}") = "Api.IntegrationTests", "tests\Api.IntegrationTests\Api.IntegrationTests.csproj", "{6BF4A5F9-0664-4C3A-9A9B-725E8A62C167}"
EndProject
Project("{9A19103F-16F7-4668-BE54-9A1E7A4F7556}") = "Entity", "src\Manager\Entity\Entity.csproj", "{2496B132-457D-402A-85BB-409ED4510A3B}"
EndProject
Project("{9A19103F-16F7-4668-BE54-9A1E7A4F7556}") = "Application", "src\Manager\Application\Application.csproj", "{4897145A-B702-426F-82F7-167DC8C84C2B}"
EndProject
Project("{2150E333-8FDC-42A3-9474-1A3956D46DE8}") = "docs", "docs", "{309A2165-0FEF-4041-96AC-AACE7DD417FB}"
	ProjectSection(SolutionItems) = preProject
		docs\Limitation.md = docs\Limitation.md
		docs\Functions.md = docs\Functions.md
	EndProjectSection
EndProject
Project("{2150E333-8FDC-42A3-9474-1A3956D46DE8}") = "UnifiedProject", "UnifiedProject", "{1ACCB69D-342E-41AD-A90A-AE0199BD455B}"
EndProject
Project("{FAE04EC0-301F-11D3-BF4B-00C04F79EFBC}") = "Manager", "src\Manager\Manager\Manager\Manager.csproj", "{FBE3DA04-34AF-4C0D-8958-61858CB04BB9}"
EndProject
Global
	GlobalSection(SolutionConfigurationPlatforms) = preSolution
		Debug|Any CPU = Debug|Any CPU
		Release|Any CPU = Release|Any CPU
	EndGlobalSection
	GlobalSection(ProjectConfigurationPlatforms) = postSolution
		{E01A3622-06B5-4A2B-BF34-5A0E35D13085}.Debug|Any CPU.ActiveCfg = Debug|Any CPU
		{E01A3622-06B5-4A2B-BF34-5A0E35D13085}.Debug|Any CPU.Build.0 = Debug|Any CPU
		{E01A3622-06B5-4A2B-BF34-5A0E35D13085}.Release|Any CPU.ActiveCfg = Release|Any CPU
		{E01A3622-06B5-4A2B-BF34-5A0E35D13085}.Release|Any CPU.Build.0 = Release|Any CPU
		{8A85155B-E5AB-4423-BC56-4FD6D419EE65}.Debug|Any CPU.ActiveCfg = Debug|Any CPU
		{8A85155B-E5AB-4423-BC56-4FD6D419EE65}.Debug|Any CPU.Build.0 = Debug|Any CPU
		{8A85155B-E5AB-4423-BC56-4FD6D419EE65}.Release|Any CPU.ActiveCfg = Release|Any CPU
		{8A85155B-E5AB-4423-BC56-4FD6D419EE65}.Release|Any CPU.Build.0 = Release|Any CPU
		{6BF4A5F9-0664-4C3A-9A9B-725E8A62C167}.Debug|Any CPU.ActiveCfg = Debug|Any CPU
		{6BF4A5F9-0664-4C3A-9A9B-725E8A62C167}.Debug|Any CPU.Build.0 = Debug|Any CPU
		{6BF4A5F9-0664-4C3A-9A9B-725E8A62C167}.Release|Any CPU.ActiveCfg = Release|Any CPU
		{6BF4A5F9-0664-4C3A-9A9B-725E8A62C167}.Release|Any CPU.Build.0 = Release|Any CPU
		{2496B132-457D-402A-85BB-409ED4510A3B}.Debug|Any CPU.ActiveCfg = Debug|Any CPU
		{2496B132-457D-402A-85BB-409ED4510A3B}.Debug|Any CPU.Build.0 = Debug|Any CPU
		{2496B132-457D-402A-85BB-409ED4510A3B}.Release|Any CPU.ActiveCfg = Release|Any CPU
		{2496B132-457D-402A-85BB-409ED4510A3B}.Release|Any CPU.Build.0 = Release|Any CPU
		{4897145A-B702-426F-82F7-167DC8C84C2B}.Debug|Any CPU.ActiveCfg = Debug|Any CPU
		{4897145A-B702-426F-82F7-167DC8C84C2B}.Debug|Any CPU.Build.0 = Debug|Any CPU
		{4897145A-B702-426F-82F7-167DC8C84C2B}.Release|Any CPU.ActiveCfg = Release|Any CPU
		{4897145A-B702-426F-82F7-167DC8C84C2B}.Release|Any CPU.Build.0 = Release|Any CPU
		{FBE3DA04-34AF-4C0D-8958-61858CB04BB9}.Debug|Any CPU.ActiveCfg = Debug|Any CPU
		{FBE3DA04-34AF-4C0D-8958-61858CB04BB9}.Debug|Any CPU.Build.0 = Debug|Any CPU
		{FBE3DA04-34AF-4C0D-8958-61858CB04BB9}.Release|Any CPU.ActiveCfg = Release|Any CPU
		{FBE3DA04-34AF-4C0D-8958-61858CB04BB9}.Release|Any CPU.Build.0 = Release|Any CPU
	EndGlobalSection
	GlobalSection(SolutionProperties) = preSolution
		HideSolutionNode = FALSE
	EndGlobalSection
	GlobalSection(NestedProjects) = preSolution
		{E01A3622-06B5-4A2B-BF34-5A0E35D13085} = {E22EDA3D-A068-4A67-B07C-C31344FBEE99}
		{8A85155B-E5AB-4423-BC56-4FD6D419EE65} = {DD5B0F36-E012-48CD-8FE6-1F18416B84A8}
		{4CEFBB38-3328-44DA-B406-0B5C99B21F2B} = {DD5B0F36-E012-48CD-8FE6-1F18416B84A8}
		{6BF4A5F9-0664-4C3A-9A9B-725E8A62C167} = {FDAE3CFF-D528-489F-979D-C49C10B19A84}
		{2496B132-457D-402A-85BB-409ED4510A3B} = {4CEFBB38-3328-44DA-B406-0B5C99B21F2B}
		{4897145A-B702-426F-82F7-167DC8C84C2B} = {4CEFBB38-3328-44DA-B406-0B5C99B21F2B}
		{309A2165-0FEF-4041-96AC-AACE7DD417FB} = {D8D22849-2614-4A4F-9054-7B965685248C}
		{1ACCB69D-342E-41AD-A90A-AE0199BD455B} = {4CEFBB38-3328-44DA-B406-0B5C99B21F2B}
		{FBE3DA04-34AF-4C0D-8958-61858CB04BB9} = {1ACCB69D-342E-41AD-A90A-AE0199BD455B}
	EndGlobalSection
	GlobalSection(ExtensibilityGlobals) = postSolution
		SolutionGuid = {9028E6BC-28F4-4289-9D28-4CB2B39ADBBC}
	EndGlobalSection
EndGlobal
